
Microsoft Visual Studio Solution File, Format Version 12.00
# Visual Studio 15
Project("{FAE04EC0-301F-11D3-BF4B-00C04F79EFBC}") = "Assembly-CSharp", "Assembly-CSharp.csproj", "{C0A2CE14-3657-9F54-C289-9357822D1E60}"
EndProject
Project("{FAE04EC0-301F-11D3-BF4B-00C04F79EFBC}") = "Assembly-CSharp-Editor", "Assembly-CSharp-Editor.csproj", "{591A74AD-A240-675D-2D6A-DF7C0466E879}"
EndProject
Global
	GlobalSection(SolutionConfigurationPlatforms) = preSolution
		Debug|Any CPU = Debug|Any CPU
		Release|Any CPU = Release|Any CPU
	EndGlobalSection
	GlobalSection(ProjectConfigurationPlatforms) = postSolution
		{C0A2CE14-3657-9F54-C289-9357822D1E60}.Debug|Any CPU.ActiveCfg = Debug|Any CPU
		{C0A2CE14-3657-9F54-C289-9357822D1E60}.Debug|Any CPU.Build.0 = Debug|Any CPU
		{C0A2CE14-3657-9F54-C289-9357822D1E60}.Release|Any CPU.ActiveCfg = Release|Any CPU
		{C0A2CE14-3657-9F54-C289-9357822D1E60}.Release|Any CPU.Build.0 = Release|Any CPU
		{591A74AD-A240-675D-2D6A-DF7C0466E879}.Debug|Any CPU.ActiveCfg = Debug|Any CPU
		{591A74AD-A240-675D-2D6A-DF7C0466E879}.Debug|Any CPU.Build.0 = Debug|Any CPU
		{591A74AD-A240-675D-2D6A-DF7C0466E879}.Release|Any CPU.ActiveCfg = Release|Any CPU
		{591A74AD-A240-675D-2D6A-DF7C0466E879}.Release|Any CPU.Build.0 = Release|Any CPU
	EndGlobalSection
	GlobalSection(SolutionProperties) = preSolution
		HideSolutionNode = FALSE
	EndGlobalSection
EndGlobal
